// !$*UTF8*$!
{
	archiveVersion = 1;
	classes = {
	};
	objectVersion = 51;
	objects = {

/* Begin PBXBuildFile section */
		7A45A445249D6F350010C5F1 /* RunnerListVC.swift in Sources */ = {isa = PBXBuildFile; fileRef = 7A45A444249D6F350010C5F1 /* RunnerListVC.swift */; };
		7A9BDA90249CEDDA004A52ED /* HomeVC.swift in Sources */ = {isa = PBXBuildFile; fileRef = 7A9BDA8F249CEDDA004A52ED /* HomeVC.swift */; };
		7A9BDA92249CEEB3004A52ED /* Runner.swift in Sources */ = {isa = PBXBuildFile; fileRef = 7A9BDA91249CEEB3004A52ED /* Runner.swift */; };
		7A9BDA94249CEF62004A52ED /* RunnerCell.swift in Sources */ = {isa = PBXBuildFile; fileRef = 7A9BDA93249CEF62004A52ED /* RunnerCell.swift */; };
		7A9BDA96249CF3DB004A52ED /* AddRunnerView.swift in Sources */ = {isa = PBXBuildFile; fileRef = 7A9BDA95249CF3DB004A52ED /* AddRunnerView.swift */; };
		7A9BDA98249CF725004A52ED /* AddRunnerVC.swift in Sources */ = {isa = PBXBuildFile; fileRef = 7A9BDA97249CF725004A52ED /* AddRunnerVC.swift */; };
		7A9BDA9A249CFE23004A52ED /* RunnerService.swift in Sources */ = {isa = PBXBuildFile; fileRef = 7A9BDA99249CFE23004A52ED /* RunnerService.swift */; };
		7AB5D12E249CEC3200B37D52 /* AppDelegate.swift in Sources */ = {isa = PBXBuildFile; fileRef = 7AB5D12D249CEC3200B37D52 /* AppDelegate.swift */; };
		7AB5D130249CEC3200B37D52 /* SceneDelegate.swift in Sources */ = {isa = PBXBuildFile; fileRef = 7AB5D12F249CEC3200B37D52 /* SceneDelegate.swift */; };
		7AB5D132249CEC3200B37D52 /* TabBarVC.swift in Sources */ = {isa = PBXBuildFile; fileRef = 7AB5D131249CEC3200B37D52 /* TabBarVC.swift */; };
		7AB5D137249CEC3400B37D52 /* Assets.xcassets in Resources */ = {isa = PBXBuildFile; fileRef = 7AB5D136249CEC3400B37D52 /* Assets.xcassets */; };
		7AB5D13A249CEC3400B37D52 /* LaunchScreen.storyboard in Resources */ = {isa = PBXBuildFile; fileRef = 7AB5D138249CEC3400B37D52 /* LaunchScreen.storyboard */; };
		7DA59DC963D982C703734894 /* Pods_PersonalBests.framework in Frameworks */ = {isa = PBXBuildFile; fileRef = 63A4FCDA35CD87B949D1CEFF /* Pods_PersonalBests.framework */; };
/* End PBXBuildFile section */

/* Begin PBXFileReference section */
		315183F8AEB581727F11848A /* Pods-PersonalBests.debug.xcconfig */ = {isa = PBXFileReference; includeInIndex = 1; lastKnownFileType = text.xcconfig; name = "Pods-PersonalBests.debug.xcconfig"; path = "Target Support Files/Pods-PersonalBests/Pods-PersonalBests.debug.xcconfig"; sourceTree = "<group>"; };
		63A4FCDA35CD87B949D1CEFF /* Pods_PersonalBests.framework */ = {isa = PBXFileReference; explicitFileType = wrapper.framework; includeInIndex = 0; path = Pods_PersonalBests.framework; sourceTree = BUILT_PRODUCTS_DIR; };
		7A45A444249D6F350010C5F1 /* RunnerListVC.swift */ = {isa = PBXFileReference; lastKnownFileType = sourcecode.swift; path = RunnerListVC.swift; sourceTree = "<group>"; };
		7A9BDA8F249CEDDA004A52ED /* HomeVC.swift */ = {isa = PBXFileReference; lastKnownFileType = sourcecode.swift; path = HomeVC.swift; sourceTree = "<group>"; };
		7A9BDA91249CEEB3004A52ED /* Runner.swift */ = {isa = PBXFileReference; lastKnownFileType = sourcecode.swift; path = Runner.swift; sourceTree = "<group>"; };
		7A9BDA93249CEF62004A52ED /* RunnerCell.swift */ = {isa = PBXFileReference; lastKnownFileType = sourcecode.swift; path = RunnerCell.swift; sourceTree = "<group>"; };
		7A9BDA95249CF3DB004A52ED /* AddRunnerView.swift */ = {isa = PBXFileReference; lastKnownFileType = sourcecode.swift; path = AddRunnerView.swift; sourceTree = "<group>"; };
		7A9BDA97249CF725004A52ED /* AddRunnerVC.swift */ = {isa = PBXFileReference; lastKnownFileType = sourcecode.swift; path = AddRunnerVC.swift; sourceTree = "<group>"; };
		7A9BDA99249CFE23004A52ED /* RunnerService.swift */ = {isa = PBXFileReference; lastKnownFileType = sourcecode.swift; path = RunnerService.swift; sourceTree = "<group>"; };
		7AB5D12A249CEC3200B37D52 /* PersonalBests.app */ = {isa = PBXFileReference; explicitFileType = wrapper.application; includeInIndex = 0; path = PersonalBests.app; sourceTree = BUILT_PRODUCTS_DIR; };
		7AB5D12D249CEC3200B37D52 /* AppDelegate.swift */ = {isa = PBXFileReference; lastKnownFileType = sourcecode.swift; path = AppDelegate.swift; sourceTree = "<group>"; };
		7AB5D12F249CEC3200B37D52 /* SceneDelegate.swift */ = {isa = PBXFileReference; lastKnownFileType = sourcecode.swift; path = SceneDelegate.swift; sourceTree = "<group>"; };
		7AB5D131249CEC3200B37D52 /* TabBarVC.swift */ = {isa = PBXFileReference; lastKnownFileType = sourcecode.swift; path = TabBarVC.swift; sourceTree = "<group>"; };
		7AB5D136249CEC3400B37D52 /* Assets.xcassets */ = {isa = PBXFileReference; lastKnownFileType = folder.assetcatalog; path = Assets.xcassets; sourceTree = "<group>"; };
		7AB5D139249CEC3400B37D52 /* Base */ = {isa = PBXFileReference; lastKnownFileType = file.storyboard; name = Base; path = Base.lproj/LaunchScreen.storyboard; sourceTree = "<group>"; };
		7AB5D13B249CEC3400B37D52 /* Info.plist */ = {isa = PBXFileReference; lastKnownFileType = text.plist.xml; path = Info.plist; sourceTree = "<group>"; };
		8836E664C4D26E153036C0B5 /* Pods-PersonalBests.release.xcconfig */ = {isa = PBXFileReference; includeInIndex = 1; lastKnownFileType = text.xcconfig; name = "Pods-PersonalBests.release.xcconfig"; path = "Target Support Files/Pods-PersonalBests/Pods-PersonalBests.release.xcconfig"; sourceTree = "<group>"; };
/* End PBXFileReference section */

/* Begin PBXFrameworksBuildPhase section */
		7AB5D127249CEC3200B37D52 /* Frameworks */ = {
			isa = PBXFrameworksBuildPhase;
			buildActionMask = 2147483647;
			files = (
				7DA59DC963D982C703734894 /* Pods_PersonalBests.framework in Frameworks */,
			);
			runOnlyForDeploymentPostprocessing = 0;
		};
/* End PBXFrameworksBuildPhase section */

/* Begin PBXGroup section */
		7A12252E24E9AAA700F6EA46 /* Service */ = {
			isa = PBXGroup;
			children = (
				7A9BDA99249CFE23004A52ED /* RunnerService.swift */,
			);
			path = Service;
			sourceTree = "<group>";
		};
		7A12252F24E9AAB500F6EA46 /* Model */ = {
			isa = PBXGroup;
			children = (
				7A9BDA91249CEEB3004A52ED /* Runner.swift */,
			);
			path = Model;
			sourceTree = "<group>";
		};
		7A12253024E9AAC400F6EA46 /* Cell + TableView */ = {
			isa = PBXGroup;
			children = (
				7A9BDA93249CEF62004A52ED /* RunnerCell.swift */,
				7A45A444249D6F350010C5F1 /* RunnerListVC.swift */,
			);
			path = "Cell + TableView";
			sourceTree = "<group>";
		};
		7A12253124E9ABA700F6EA46 /* View + AddRunnerVC */ = {
			isa = PBXGroup;
			children = (
				7A9BDA95249CF3DB004A52ED /* AddRunnerView.swift */,
				7A9BDA97249CF725004A52ED /* AddRunnerVC.swift */,
			);
			path = "View + AddRunnerVC";
			sourceTree = "<group>";
		};
		7AB5D121249CEC3200B37D52 = {
			isa = PBXGroup;
			children = (
				7AB5D12C249CEC3200B37D52 /* PersonalBests */,
				7AB5D12B249CEC3200B37D52 /* Products */,
				9F25DDBE476E0C1A73D1708C /* Pods */,
				B1AB4C093167278A27CD4BA1 /* Frameworks */,
			);
			sourceTree = "<group>";
		};
		7AB5D12B249CEC3200B37D52 /* Products */ = {
			isa = PBXGroup;
			children = (
				7AB5D12A249CEC3200B37D52 /* PersonalBests.app */,
			);
			name = Products;
			sourceTree = "<group>";
		};
		7AB5D12C249CEC3200B37D52 /* PersonalBests */ = {
			isa = PBXGroup;
			children = (
				7A12253124E9ABA700F6EA46 /* View + AddRunnerVC */,
				7A12253024E9AAC400F6EA46 /* Cell + TableView */,
				7A12252F24E9AAB500F6EA46 /* Model */,
				7A12252E24E9AAA700F6EA46 /* Service */,
				7AB5D12D249CEC3200B37D52 /* AppDelegate.swift */,
				7A9BDA8F249CEDDA004A52ED /* HomeVC.swift */,
				7AB5D131249CEC3200B37D52 /* TabBarVC.swift */,
				7AB5D12F249CEC3200B37D52 /* SceneDelegate.swift */,
				7AB5D136249CEC3400B37D52 /* Assets.xcassets */,
				7AB5D138249CEC3400B37D52 /* LaunchScreen.storyboard */,
				7AB5D13B249CEC3400B37D52 /* Info.plist */,
			);
			path = PersonalBests;
			sourceTree = "<group>";
		};
		9F25DDBE476E0C1A73D1708C /* Pods */ = {
			isa = PBXGroup;
			children = (
				315183F8AEB581727F11848A /* Pods-PersonalBests.debug.xcconfig */,
				8836E664C4D26E153036C0B5 /* Pods-PersonalBests.release.xcconfig */,
			);
			path = Pods;
			sourceTree = "<group>";
		};
		B1AB4C093167278A27CD4BA1 /* Frameworks */ = {
			isa = PBXGroup;
			children = (
				63A4FCDA35CD87B949D1CEFF /* Pods_PersonalBests.framework */,
			);
			name = Frameworks;
			sourceTree = "<group>";
		};
/* End PBXGroup section */

/* Begin PBXNativeTarget section */
		7AB5D129249CEC3200B37D52 /* PersonalBests */ = {
			isa = PBXNativeTarget;
			buildConfigurationList = 7AB5D13E249CEC3400B37D52 /* Build configuration list for PBXNativeTarget "PersonalBests" */;
			buildPhases = (
				4453E5F846ACB8597FBEE033 /* [CP] Check Pods Manifest.lock */,
				7AB5D126249CEC3200B37D52 /* Sources */,
				7AB5D127249CEC3200B37D52 /* Frameworks */,
				7AB5D128249CEC3200B37D52 /* Resources */,
				60A2166E0DAE6EFC5C328230 /* [CP] Embed Pods Frameworks */,
			);
			buildRules = (
			);
			dependencies = (
			);
			name = PersonalBests;
			productName = PersonalBests;
			productReference = 7AB5D12A249CEC3200B37D52 /* PersonalBests.app */;
			productType = "com.apple.product-type.application";
		};
/* End PBXNativeTarget section */

/* Begin PBXProject section */
		7AB5D122249CEC3200B37D52 /* Project object */ = {
			isa = PBXProject;
			attributes = {
				LastSwiftUpdateCheck = 1150;
				LastUpgradeCheck = 1150;
				ORGANIZATIONNAME = "Eryk Szcześniak";
				TargetAttributes = {
					7AB5D129249CEC3200B37D52 = {
						CreatedOnToolsVersion = 11.5;
					};
				};
			};
			buildConfigurationList = 7AB5D125249CEC3200B37D52 /* Build configuration list for PBXProject "PersonalBests" */;
			compatibilityVersion = "Xcode 9.3";
			developmentRegion = en;
			hasScannedForEncodings = 0;
			knownRegions = (
				en,
				Base,
			);
			mainGroup = 7AB5D121249CEC3200B37D52;
			productRefGroup = 7AB5D12B249CEC3200B37D52 /* Products */;
			projectDirPath = "";
			projectRoot = "";
			targets = (
				7AB5D129249CEC3200B37D52 /* PersonalBests */,
			);
		};
/* End PBXProject section */

/* Begin PBXResourcesBuildPhase section */
		7AB5D128249CEC3200B37D52 /* Resources */ = {
			isa = PBXResourcesBuildPhase;
			buildActionMask = 2147483647;
			files = (
				7AB5D13A249CEC3400B37D52 /* LaunchScreen.storyboard in Resources */,
				7AB5D137249CEC3400B37D52 /* Assets.xcassets in Resources */,
			);
			runOnlyForDeploymentPostprocessing = 0;
		};
/* End PBXResourcesBuildPhase section */

/* Begin PBXShellScriptBuildPhase section */
		4453E5F846ACB8597FBEE033 /* [CP] Check Pods Manifest.lock */ = {
			isa = PBXShellScriptBuildPhase;
			buildActionMask = 2147483647;
			files = (
			);
			inputFileListPaths = (
			);
			inputPaths = (
				"${PODS_PODFILE_DIR_PATH}/Podfile.lock",
				"${PODS_ROOT}/Manifest.lock",
			);
			name = "[CP] Check Pods Manifest.lock";
			outputFileListPaths = (
			);
			outputPaths = (
				"$(DERIVED_FILE_DIR)/Pods-PersonalBests-checkManifestLockResult.txt",
			);
			runOnlyForDeploymentPostprocessing = 0;
			shellPath = /bin/sh;
			shellScript = "diff \"${PODS_PODFILE_DIR_PATH}/Podfile.lock\" \"${PODS_ROOT}/Manifest.lock\" > /dev/null\nif [ $? != 0 ] ; then\n    # print error to STDERR\n    echo \"error: The sandbox is not in sync with the Podfile.lock. Run 'pod install' or update your CocoaPods installation.\" >&2\n    exit 1\nfi\n# This output is used by Xcode 'outputs' to avoid re-running this script phase.\necho \"SUCCESS\" > \"${SCRIPT_OUTPUT_FILE_0}\"\n";
			showEnvVarsInLog = 0;
		};
		60A2166E0DAE6EFC5C328230 /* [CP] Embed Pods Frameworks */ = {
			isa = PBXShellScriptBuildPhase;
			buildActionMask = 2147483647;
			files = (
			);
			inputFileListPaths = (
				"${PODS_ROOT}/Target Support Files/Pods-PersonalBests/Pods-PersonalBests-frameworks-${CONFIGURATION}-input-files.xcfilelist",
			);
			name = "[CP] Embed Pods Frameworks";
			outputFileListPaths = (
				"${PODS_ROOT}/Target Support Files/Pods-PersonalBests/Pods-PersonalBests-frameworks-${CONFIGURATION}-output-files.xcfilelist",
			);
			runOnlyForDeploymentPostprocessing = 0;
			shellPath = /bin/sh;
			shellScript = "\"${PODS_ROOT}/Target Support Files/Pods-PersonalBests/Pods-PersonalBests-frameworks.sh\"\n";
			showEnvVarsInLog = 0;
		};
/* End PBXShellScriptBuildPhase section */

/* Begin PBXSourcesBuildPhase section */
		7AB5D126249CEC3200B37D52 /* Sources */ = {
			isa = PBXSourcesBuildPhase;
			buildActionMask = 2147483647;
			files = (
				7A9BDA98249CF725004A52ED /* AddRunnerVC.swift in Sources */,
				7A45A445249D6F350010C5F1 /* RunnerListVC.swift in Sources */,
				7AB5D132249CEC3200B37D52 /* TabBarVC.swift in Sources */,
				7A9BDA90249CEDDA004A52ED /* HomeVC.swift in Sources */,
				7A9BDA92249CEEB3004A52ED /* Runner.swift in Sources */,
				7A9BDA94249CEF62004A52ED /* RunnerCell.swift in Sources */,
				7A9BDA9A249CFE23004A52ED /* RunnerService.swift in Sources */,
				7AB5D12E249CEC3200B37D52 /* AppDelegate.swift in Sources */,
				7AB5D130249CEC3200B37D52 /* SceneDelegate.swift in Sources */,
				7A9BDA96249CF3DB004A52ED /* AddRunnerView.swift in Sources */,
			);
			runOnlyForDeploymentPostprocessing = 0;
		};
/* End PBXSourcesBuildPhase section */

/* Begin PBXVariantGroup section */
		7AB5D138249CEC3400B37D52 /* LaunchScreen.storyboard */ = {
			isa = PBXVariantGroup;
			children = (
				7AB5D139249CEC3400B37D52 /* Base */,
			);
			name = LaunchScreen.storyboard;
			sourceTree = "<group>";
		};
/* End PBXVariantGroup section */

/* Begin XCBuildConfiguration section */
		7AB5D13C249CEC3400B37D52 /* Debug */ = {
			isa = XCBuildConfiguration;
			buildSettings = {
				ALWAYS_SEARCH_USER_PATHS = NO;
				CLANG_ANALYZER_NONNULL = YES;
				CLANG_ANALYZER_NUMBER_OBJECT_CONVERSION = YES_AGGRESSIVE;
				CLANG_CXX_LANGUAGE_STANDARD = "gnu++14";
				CLANG_CXX_LIBRARY = "libc++";
				CLANG_ENABLE_MODULES = YES;
				CLANG_ENABLE_OBJC_ARC = YES;
				CLANG_ENABLE_OBJC_WEAK = YES;
				CLANG_WARN_BLOCK_CAPTURE_AUTORELEASING = YES;
				CLANG_WARN_BOOL_CONVERSION = YES;
				CLANG_WARN_COMMA = YES;
				CLANG_WARN_CONSTANT_CONVERSION = YES;
				CLANG_WARN_DEPRECATED_OBJC_IMPLEMENTATIONS = YES;
				CLANG_WARN_DIRECT_OBJC_ISA_USAGE = YES_ERROR;
				CLANG_WARN_DOCUMENTATION_COMMENTS = YES;
				CLANG_WARN_EMPTY_BODY = YES;
				CLANG_WARN_ENUM_CONVERSION = YES;
				CLANG_WARN_INFINITE_RECURSION = YES;
				CLANG_WARN_INT_CONVERSION = YES;
				CLANG_WARN_NON_LITERAL_NULL_CONVERSION = YES;
				CLANG_WARN_OBJC_IMPLICIT_RETAIN_SELF = YES;
				CLANG_WARN_OBJC_LITERAL_CONVERSION = YES;
				CLANG_WARN_OBJC_ROOT_CLASS = YES_ERROR;
				CLANG_WARN_RANGE_LOOP_ANALYSIS = YES;
				CLANG_WARN_STRICT_PROTOTYPES = YES;
				CLANG_WARN_SUSPICIOUS_MOVE = YES;
				CLANG_WARN_UNGUARDED_AVAILABILITY = YES_AGGRESSIVE;
				CLANG_WARN_UNREACHABLE_CODE = YES;
				CLANG_WARN__DUPLICATE_METHOD_MATCH = YES;
				COPY_PHASE_STRIP = NO;
				DEBUG_INFORMATION_FORMAT = dwarf;
				ENABLE_STRICT_OBJC_MSGSEND = YES;
				ENABLE_TESTABILITY = YES;
				GCC_C_LANGUAGE_STANDARD = gnu11;
				GCC_DYNAMIC_NO_PIC = NO;
				GCC_NO_COMMON_BLOCKS = YES;
				GCC_OPTIMIZATION_LEVEL = 0;
				GCC_PREPROCESSOR_DEFINITIONS = (
					"DEBUG=1",
					"$(inherited)",
				);
				GCC_WARN_64_TO_32_BIT_CONVERSION = YES;
				GCC_WARN_ABOUT_RETURN_TYPE = YES_ERROR;
				GCC_WARN_UNDECLARED_SELECTOR = YES;
				GCC_WARN_UNINITIALIZED_AUTOS = YES_AGGRESSIVE;
				GCC_WARN_UNUSED_FUNCTION = YES;
				GCC_WARN_UNUSED_VARIABLE = YES;
				IPHONEOS_DEPLOYMENT_TARGET = 13.5;
				MTL_ENABLE_DEBUG_INFO = INCLUDE_SOURCE;
				MTL_FAST_MATH = YES;
				ONLY_ACTIVE_ARCH = YES;
				SDKROOT = iphoneos;
				SWIFT_ACTIVE_COMPILATION_CONDITIONS = DEBUG;
				SWIFT_OPTIMIZATION_LEVEL = "-Onone";
			};
			name = Debug;
		};
		7AB5D13D249CEC3400B37D52 /* Release */ = {
			isa = XCBuildConfiguration;
			buildSettings = {
				ALWAYS_SEARCH_USER_PATHS = NO;
				CLANG_ANALYZER_NONNULL = YES;
				CLANG_ANALYZER_NUMBER_OBJECT_CONVERSION = YES_AGGRESSIVE;
				CLANG_CXX_LANGUAGE_STANDARD = "gnu++14";
				CLANG_CXX_LIBRARY = "libc++";
				CLANG_ENABLE_MODULES = YES;
				CLANG_ENABLE_OBJC_ARC = YES;
				CLANG_ENABLE_OBJC_WEAK = YES;
				CLANG_WARN_BLOCK_CAPTURE_AUTORELEASING = YES;
				CLANG_WARN_BOOL_CONVERSION = YES;
				CLANG_WARN_COMMA = YES;
				CLANG_WARN_CONSTANT_CONVERSION = YES;
				CLANG_WARN_DEPRECATED_OBJC_IMPLEMENTATIONS = YES;
				CLANG_WARN_DIRECT_OBJC_ISA_USAGE = YES_ERROR;
				CLANG_WARN_DOCUMENTATION_COMMENTS = YES;
				CLANG_WARN_EMPTY_BODY = YES;
				CLANG_WARN_ENUM_CONVERSION = YES;
				CLANG_WARN_INFINITE_RECURSION = YES;
				CLANG_WARN_INT_CONVERSION = YES;
				CLANG_WARN_NON_LITERAL_NULL_CONVERSION = YES;
				CLANG_WARN_OBJC_IMPLICIT_RETAIN_SELF = YES;
				CLANG_WARN_OBJC_LITERAL_CONVERSION = YES;
				CLANG_WARN_OBJC_ROOT_CLASS = YES_ERROR;
				CLANG_WARN_RANGE_LOOP_ANALYSIS = YES;
				CLANG_WARN_STRICT_PROTOTYPES = YES;
				CLANG_WARN_SUSPICIOUS_MOVE = YES;
				CLANG_WARN_UNGUARDED_AVAILABILITY = YES_AGGRESSIVE;
				CLANG_WARN_UNREACHABLE_CODE = YES;
				CLANG_WARN__DUPLICATE_METHOD_MATCH = YES;
				COPY_PHASE_STRIP = NO;
				DEBUG_INFORMATION_FORMAT = "dwarf-with-dsym";
				ENABLE_NS_ASSERTIONS = NO;
				ENABLE_STRICT_OBJC_MSGSEND = YES;
				GCC_C_LANGUAGE_STANDARD = gnu11;
				GCC_NO_COMMON_BLOCKS = YES;
				GCC_WARN_64_TO_32_BIT_CONVERSION = YES;
				GCC_WARN_ABOUT_RETURN_TYPE = YES_ERROR;
				GCC_WARN_UNDECLARED_SELECTOR = YES;
				GCC_WARN_UNINITIALIZED_AUTOS = YES_AGGRESSIVE;
				GCC_WARN_UNUSED_FUNCTION = YES;
				GCC_WARN_UNUSED_VARIABLE = YES;
				IPHONEOS_DEPLOYMENT_TARGET = 13.5;
				MTL_ENABLE_DEBUG_INFO = NO;
				MTL_FAST_MATH = YES;
				SDKROOT = iphoneos;
				SWIFT_COMPILATION_MODE = wholemodule;
				SWIFT_OPTIMIZATION_LEVEL = "-O";
				VALIDATE_PRODUCT = YES;
			};
			name = Release;
		};
		7AB5D13F249CEC3400B37D52 /* Debug */ = {
			isa = XCBuildConfiguration;
			baseConfigurationReference = 315183F8AEB581727F11848A /* Pods-PersonalBests.debug.xcconfig */;
			buildSettings = {
				ASSETCATALOG_COMPILER_APPICON_NAME = AppIcon;
				CODE_SIGN_STYLE = Automatic;
				DEVELOPMENT_TEAM = DRY9V64JW9;
				INFOPLIST_FILE = PersonalBests/Info.plist;
				LD_RUNPATH_SEARCH_PATHS = (
					"$(inherited)",
					"@executable_path/Frameworks",
				);
				PRODUCT_BUNDLE_IDENTIFIER = com.erykszczesniak.PersonalBests;
				PRODUCT_NAME = "$(TARGET_NAME)";
				SWIFT_VERSION = 5.0;
				TARGETED_DEVICE_FAMILY = "1,2";
			};
			name = Debug;
		};
		7AB5D140249CEC3400B37D52 /* Release */ = {
			isa = XCBuildConfiguration;
			baseConfigurationReference = 8836E664C4D26E153036C0B5 /* Pods-PersonalBests.release.xcconfig */;
			buildSettings = {
				ASSETCATALOG_COMPILER_APPICON_NAME = AppIcon;
				CODE_SIGN_STYLE = Automatic;
				DEVELOPMENT_TEAM = DRY9V64JW9;
				INFOPLIST_FILE = PersonalBests/Info.plist;
				LD_RUNPATH_SEARCH_PATHS = (
					"$(inherited)",
					"@executable_path/Frameworks",
				);
				PRODUCT_BUNDLE_IDENTIFIER = com.erykszczesniak.PersonalBests;
				PRODUCT_NAME = "$(TARGET_NAME)";
				SWIFT_VERSION = 5.0;
				TARGETED_DEVICE_FAMILY = "1,2";
			};
			name = Release;
		};
/* End XCBuildConfiguration section */

/* Begin XCConfigurationList section */
		7AB5D125249CEC3200B37D52 /* Build configuration list for PBXProject "PersonalBests" */ = {
			isa = XCConfigurationList;
			buildConfigurations = (
				7AB5D13C249CEC3400B37D52 /* Debug */,
				7AB5D13D249CEC3400B37D52 /* Release */,
			);
			defaultConfigurationIsVisible = 0;
			defaultConfigurationName = Release;
		};
		7AB5D13E249CEC3400B37D52 /* Build configuration list for PBXNativeTarget "PersonalBests" */ = {
			isa = XCConfigurationList;
			buildConfigurations = (
				7AB5D13F249CEC3400B37D52 /* Debug */,
				7AB5D140249CEC3400B37D52 /* Release */,
			);
			defaultConfigurationIsVisible = 0;
			defaultConfigurationName = Release;
		};
/* End XCConfigurationList section */
	};
	rootObject = 7AB5D122249CEC3200B37D52 /* Project object */;
}
